
Microsoft Visual Studio Solution File, Format Version 12.00
# Visual Studio Version 17
VisualStudioVersion = 17.0.32112.339
MinimumVisualStudioVersion = 10.0.40219.1
Project("{9A19103F-16F7-4668-BE54-9A1E7A4F7556}") = "VehicleApp.Core", "VehicleApp.Core\VehicleApp.Core.csproj", "{EEC73B68-BACD-4D73-9D88-65C632A838BF}"
EndProject
Project("{9A19103F-16F7-4668-BE54-9A1E7A4F7556}") = "VehicleApp.Repository", "VehicleApp.Repository\VehicleApp.Repository.csproj", "{B6E0E7D8-0C27-4CC8-B4CA-B8F4B3756D05}"
EndProject
Project("{9A19103F-16F7-4668-BE54-9A1E7A4F7556}") = "VehicleApp.Service", "VehicleApp.Service\VehicleApp.Service.csproj", "{EF10F3FC-F108-4249-8509-063F55DEF4C4}"
EndProject
Project("{9A19103F-16F7-4668-BE54-9A1E7A4F7556}") = "VehicleApp.API", "VehicleApp.API\VehicleApp.API.csproj", "{455EEECF-3B0D-47CF-86CC-DE76639E0914}"
EndProject
Project("{9A19103F-16F7-4668-BE54-9A1E7A4F7556}") = "VehicleApp.WEB", "VehicleApp.WEB\VehicleApp.WEB.csproj", "{60437676-FB38-4B32-8492-638FA6CFCB03}"
EndProject
Global
	GlobalSection(SolutionConfigurationPlatforms) = preSolution
		Debug|Any CPU = Debug|Any CPU
		Release|Any CPU = Release|Any CPU
	EndGlobalSection
	GlobalSection(ProjectConfigurationPlatforms) = postSolution
		{EEC73B68-BACD-4D73-9D88-65C632A838BF}.Debug|Any CPU.ActiveCfg = Debug|Any CPU
		{EEC73B68-BACD-4D73-9D88-65C632A838BF}.Debug|Any CPU.Build.0 = Debug|Any CPU
		{EEC73B68-BACD-4D73-9D88-65C632A838BF}.Release|Any CPU.ActiveCfg = Release|Any CPU
		{EEC73B68-BACD-4D73-9D88-65C632A838BF}.Release|Any CPU.Build.0 = Release|Any CPU
		{B6E0E7D8-0C27-4CC8-B4CA-B8F4B3756D05}.Debug|Any CPU.ActiveCfg = Debug|Any CPU
		{B6E0E7D8-0C27-4CC8-B4CA-B8F4B3756D05}.Debug|Any CPU.Build.0 = Debug|Any CPU
		{B6E0E7D8-0C27-4CC8-B4CA-B8F4B3756D05}.Release|Any CPU.ActiveCfg = Release|Any CPU
		{B6E0E7D8-0C27-4CC8-B4CA-B8F4B3756D05}.Release|Any CPU.Build.0 = Release|Any CPU
		{EF10F3FC-F108-4249-8509-063F55DEF4C4}.Debug|Any CPU.ActiveCfg = Debug|Any CPU
		{EF10F3FC-F108-4249-8509-063F55DEF4C4}.Debug|Any CPU.Build.0 = Debug|Any CPU
		{EF10F3FC-F108-4249-8509-063F55DEF4C4}.Release|Any CPU.ActiveCfg = Release|Any CPU
		{EF10F3FC-F108-4249-8509-063F55DEF4C4}.Release|Any CPU.Build.0 = Release|Any CPU
		{455EEECF-3B0D-47CF-86CC-DE76639E0914}.Debug|Any CPU.ActiveCfg = Debug|Any CPU
		{455EEECF-3B0D-47CF-86CC-DE76639E0914}.Debug|Any CPU.Build.0 = Debug|Any CPU
		{455EEECF-3B0D-47CF-86CC-DE76639E0914}.Release|Any CPU.ActiveCfg = Release|Any CPU
		{455EEECF-3B0D-47CF-86CC-DE76639E0914}.Release|Any CPU.Build.0 = Release|Any CPU
		{60437676-FB38-4B32-8492-638FA6CFCB03}.Debug|Any CPU.ActiveCfg = Debug|Any CPU
		{60437676-FB38-4B32-8492-638FA6CFCB03}.Debug|Any CPU.Build.0 = Debug|Any CPU
		{60437676-FB38-4B32-8492-638FA6CFCB03}.Release|Any CPU.ActiveCfg = Release|Any CPU
		{60437676-FB38-4B32-8492-638FA6CFCB03}.Release|Any CPU.Build.0 = Release|Any CPU
	EndGlobalSection
	GlobalSection(SolutionProperties) = preSolution
		HideSolutionNode = FALSE
	EndGlobalSection
	GlobalSection(ExtensibilityGlobals) = postSolution
		SolutionGuid = {D061BB72-262C-4956-B906-5F2C5E7A1867}
	EndGlobalSection
EndGlobal
